
Microsoft Visual Studio Solution File, Format Version 12.00
# Visual Studio Version 17
VisualStudioVersion = 17.1.32407.343
MinimumVisualStudioVersion = 10.0.40219.1
Project("{FAE04EC0-301F-11D3-BF4B-00C04F79EFBC}") = "LineChart", "LineChart.csproj", "{828A9AF4-2E01-4FE9-B70A-170D928184C7}"
EndProject
Global
	GlobalSection(SolutionConfigurationPlatforms) = preSolution
		Debug|Any CPU = Debug|Any CPU
		Release|Any CPU = Release|Any CPU
	EndGlobalSection
	GlobalSection(ProjectConfigurationPlatforms) = postSolution
		{828A9AF4-2E01-4FE9-B70A-170D928184C7}.Debug|Any CPU.ActiveCfg = Debug|Any CPU
		{828A9AF4-2E01-4FE9-B70A-170D928184C7}.Debug|Any CPU.Build.0 = Debug|Any CPU
		{828A9AF4-2E01-4FE9-B70A-170D928184C7}.Release|Any CPU.ActiveCfg = Release|Any CPU
		{828A9AF4-2E01-4FE9-B70A-170D928184C7}.Release|Any CPU.Build.0 = Release|Any CPU
	EndGlobalSection
	GlobalSection(SolutionProperties) = preSolution
		HideSolutionNode = FALSE
	EndGlobalSection
	GlobalSection(ExtensibilityGlobals) = postSolution
		SolutionGuid = {BDA64B27-9B3F-4637-B161-CD81F652283C}
	EndGlobalSection
EndGlobal
